
Microsoft Visual Studio Solution File, Format Version 12.00
# Visual Studio Version 16
VisualStudioVersion = 16.0.29709.97
MinimumVisualStudioVersion = 10.0.40219.1
Project("{FAE04EC0-301F-11D3-BF4B-00C04F79EFBC}") = "CustomCrawler", "CustomCrawler\CustomCrawler.csproj", "{D15B4FFC-68FB-4EE7-BC6A-2733B1738DBA}"
EndProject
Global
	GlobalSection(SolutionConfigurationPlatforms) = preSolution
		Debug|Any CPU = Debug|Any CPU
		Debug|x86 = Debug|x86
		Release|Any CPU = Release|Any CPU
		Release|x86 = Release|x86
	EndGlobalSection
	GlobalSection(ProjectConfigurationPlatforms) = postSolution
		{D15B4FFC-68FB-4EE7-BC6A-2733B1738DBA}.Debug|Any CPU.ActiveCfg = Debug|Any CPU
		{D15B4FFC-68FB-4EE7-BC6A-2733B1738DBA}.Debug|Any CPU.Build.0 = Debug|Any CPU
		{D15B4FFC-68FB-4EE7-BC6A-2733B1738DBA}.Debug|x86.ActiveCfg = Debug|Any CPU
		{D15B4FFC-68FB-4EE7-BC6A-2733B1738DBA}.Debug|x86.Build.0 = Debug|Any CPU
		{D15B4FFC-68FB-4EE7-BC6A-2733B1738DBA}.Release|Any CPU.ActiveCfg = Release|Any CPU
		{D15B4FFC-68FB-4EE7-BC6A-2733B1738DBA}.Release|Any CPU.Build.0 = Release|Any CPU
		{D15B4FFC-68FB-4EE7-BC6A-2733B1738DBA}.Release|x86.ActiveCfg = Release|x86
		{D15B4FFC-68FB-4EE7-BC6A-2733B1738DBA}.Release|x86.Build.0 = Release|x86
	EndGlobalSection
	GlobalSection(SolutionProperties) = preSolution
		HideSolutionNode = FALSE
	EndGlobalSection
	GlobalSection(ExtensibilityGlobals) = postSolution
		SolutionGuid = {2BE15895-2E97-4768-84EB-FD5E1B4AFE88}
	EndGlobalSection
EndGlobal
