
Microsoft Visual Studio Solution File, Format Version 12.00
# Visual Studio Version 16
VisualStudioVersion = 16.0.29709.97
MinimumVisualStudioVersion = 10.0.40219.1
Project("{FAE04EC0-301F-11D3-BF4B-00C04F79EFBC}") = "CustomCrawler", "CustomCrawler\CustomCrawler.csproj", "{D15B4FFC-68FB-4EE7-BC6A-2733B1738DBA}"
EndProject
Project("{FAE04EC0-301F-11D3-BF4B-00C04F79EFBC}") = "ChromeDevTools", "ChromeDevTools\ChromeDevTools.csproj", "{9AB42130-32E6-4CE5-956F-90940A500B43}"
EndProject
Project("{FAE04EC0-301F-11D3-BF4B-00C04F79EFBC}") = "JavaScriptStaticAnalysis", "JavaScriptStaticAnalysis\JavaScriptStaticAnalysis.csproj", "{02412A2A-4C78-48F0-BB0D-C10C4F0BAC91}"
EndProject
Project("{FAE04EC0-301F-11D3-BF4B-00C04F79EFBC}") = "JavaScriptStaticAnalysisTest", "JavaScriptStaticAnalysisTest\JavaScriptStaticAnalysisTest.csproj", "{C05675C7-4498-4B78-95C7-C7A9B730AC3C}"
EndProject
Project("{FAE04EC0-301F-11D3-BF4B-00C04F79EFBC}") = "CustomCrawlerDynamics", "CustomCrawlerDynamics\CustomCrawlerDynamics.csproj", "{C685DAA3-6C44-4B7B-AD70-FA8B54EFF1BE}"
EndProject
Global
	GlobalSection(SolutionConfigurationPlatforms) = preSolution
		Debug|Any CPU = Debug|Any CPU
		Debug|x64 = Debug|x64
		Debug|x86 = Debug|x86
		Release|Any CPU = Release|Any CPU
		Release|x64 = Release|x64
		Release|x86 = Release|x86
	EndGlobalSection
	GlobalSection(ProjectConfigurationPlatforms) = postSolution
		{D15B4FFC-68FB-4EE7-BC6A-2733B1738DBA}.Debug|Any CPU.ActiveCfg = Debug|Any CPU
		{D15B4FFC-68FB-4EE7-BC6A-2733B1738DBA}.Debug|Any CPU.Build.0 = Debug|Any CPU
		{D15B4FFC-68FB-4EE7-BC6A-2733B1738DBA}.Debug|x64.ActiveCfg = Debug|x64
		{D15B4FFC-68FB-4EE7-BC6A-2733B1738DBA}.Debug|x64.Build.0 = Debug|x64
		{D15B4FFC-68FB-4EE7-BC6A-2733B1738DBA}.Debug|x86.ActiveCfg = Debug|x86
		{D15B4FFC-68FB-4EE7-BC6A-2733B1738DBA}.Debug|x86.Build.0 = Debug|x86
		{D15B4FFC-68FB-4EE7-BC6A-2733B1738DBA}.Release|Any CPU.ActiveCfg = Release|Any CPU
		{D15B4FFC-68FB-4EE7-BC6A-2733B1738DBA}.Release|Any CPU.Build.0 = Release|Any CPU
		{D15B4FFC-68FB-4EE7-BC6A-2733B1738DBA}.Release|x64.ActiveCfg = Release|Any CPU
		{D15B4FFC-68FB-4EE7-BC6A-2733B1738DBA}.Release|x64.Build.0 = Release|Any CPU
		{D15B4FFC-68FB-4EE7-BC6A-2733B1738DBA}.Release|x86.ActiveCfg = Release|x86
		{D15B4FFC-68FB-4EE7-BC6A-2733B1738DBA}.Release|x86.Build.0 = Release|x86
		{9AB42130-32E6-4CE5-956F-90940A500B43}.Debug|Any CPU.ActiveCfg = Debug|Any CPU
		{9AB42130-32E6-4CE5-956F-90940A500B43}.Debug|Any CPU.Build.0 = Debug|Any CPU
		{9AB42130-32E6-4CE5-956F-90940A500B43}.Debug|x64.ActiveCfg = Debug|Any CPU
		{9AB42130-32E6-4CE5-956F-90940A500B43}.Debug|x64.Build.0 = Debug|Any CPU
		{9AB42130-32E6-4CE5-956F-90940A500B43}.Debug|x86.ActiveCfg = Debug|Any CPU
		{9AB42130-32E6-4CE5-956F-90940A500B43}.Debug|x86.Build.0 = Debug|Any CPU
		{9AB42130-32E6-4CE5-956F-90940A500B43}.Release|Any CPU.ActiveCfg = Release|Any CPU
		{9AB42130-32E6-4CE5-956F-90940A500B43}.Release|Any CPU.Build.0 = Release|Any CPU
		{9AB42130-32E6-4CE5-956F-90940A500B43}.Release|x64.ActiveCfg = Release|Any CPU
		{9AB42130-32E6-4CE5-956F-90940A500B43}.Release|x64.Build.0 = Release|Any CPU
		{9AB42130-32E6-4CE5-956F-90940A500B43}.Release|x86.ActiveCfg = Release|Any CPU
		{9AB42130-32E6-4CE5-956F-90940A500B43}.Release|x86.Build.0 = Release|Any CPU
		{02412A2A-4C78-48F0-BB0D-C10C4F0BAC91}.Debug|Any CPU.ActiveCfg = Debug|Any CPU
		{02412A2A-4C78-48F0-BB0D-C10C4F0BAC91}.Debug|Any CPU.Build.0 = Debug|Any CPU
		{02412A2A-4C78-48F0-BB0D-C10C4F0BAC91}.Debug|x64.ActiveCfg = Debug|Any CPU
		{02412A2A-4C78-48F0-BB0D-C10C4F0BAC91}.Debug|x64.Build.0 = Debug|Any CPU
		{02412A2A-4C78-48F0-BB0D-C10C4F0BAC91}.Debug|x86.ActiveCfg = Debug|Any CPU
		{02412A2A-4C78-48F0-BB0D-C10C4F0BAC91}.Debug|x86.Build.0 = Debug|Any CPU
		{02412A2A-4C78-48F0-BB0D-C10C4F0BAC91}.Release|Any CPU.ActiveCfg = Release|Any CPU
		{02412A2A-4C78-48F0-BB0D-C10C4F0BAC91}.Release|Any CPU.Build.0 = Release|Any CPU
		{02412A2A-4C78-48F0-BB0D-C10C4F0BAC91}.Release|x64.ActiveCfg = Release|Any CPU
		{02412A2A-4C78-48F0-BB0D-C10C4F0BAC91}.Release|x64.Build.0 = Release|Any CPU
		{02412A2A-4C78-48F0-BB0D-C10C4F0BAC91}.Release|x86.ActiveCfg = Release|Any CPU
		{02412A2A-4C78-48F0-BB0D-C10C4F0BAC91}.Release|x86.Build.0 = Release|Any CPU
		{C05675C7-4498-4B78-95C7-C7A9B730AC3C}.Debug|Any CPU.ActiveCfg = Debug|Any CPU
		{C05675C7-4498-4B78-95C7-C7A9B730AC3C}.Debug|Any CPU.Build.0 = Debug|Any CPU
		{C05675C7-4498-4B78-95C7-C7A9B730AC3C}.Debug|x64.ActiveCfg = Debug|Any CPU
		{C05675C7-4498-4B78-95C7-C7A9B730AC3C}.Debug|x64.Build.0 = Debug|Any CPU
		{C05675C7-4498-4B78-95C7-C7A9B730AC3C}.Debug|x86.ActiveCfg = Debug|Any CPU
		{C05675C7-4498-4B78-95C7-C7A9B730AC3C}.Debug|x86.Build.0 = Debug|Any CPU
		{C05675C7-4498-4B78-95C7-C7A9B730AC3C}.Release|Any CPU.ActiveCfg = Release|Any CPU
		{C05675C7-4498-4B78-95C7-C7A9B730AC3C}.Release|Any CPU.Build.0 = Release|Any CPU
		{C05675C7-4498-4B78-95C7-C7A9B730AC3C}.Release|x64.ActiveCfg = Release|Any CPU
		{C05675C7-4498-4B78-95C7-C7A9B730AC3C}.Release|x64.Build.0 = Release|Any CPU
		{C05675C7-4498-4B78-95C7-C7A9B730AC3C}.Release|x86.ActiveCfg = Release|Any CPU
		{C05675C7-4498-4B78-95C7-C7A9B730AC3C}.Release|x86.Build.0 = Release|Any CPU
		{C685DAA3-6C44-4B7B-AD70-FA8B54EFF1BE}.Debug|Any CPU.ActiveCfg = Debug|Any CPU
		{C685DAA3-6C44-4B7B-AD70-FA8B54EFF1BE}.Debug|Any CPU.Build.0 = Debug|Any CPU
		{C685DAA3-6C44-4B7B-AD70-FA8B54EFF1BE}.Debug|x64.ActiveCfg = Debug|Any CPU
		{C685DAA3-6C44-4B7B-AD70-FA8B54EFF1BE}.Debug|x64.Build.0 = Debug|Any CPU
		{C685DAA3-6C44-4B7B-AD70-FA8B54EFF1BE}.Debug|x86.ActiveCfg = Debug|Any CPU
		{C685DAA3-6C44-4B7B-AD70-FA8B54EFF1BE}.Debug|x86.Build.0 = Debug|Any CPU
		{C685DAA3-6C44-4B7B-AD70-FA8B54EFF1BE}.Release|Any CPU.ActiveCfg = Release|Any CPU
		{C685DAA3-6C44-4B7B-AD70-FA8B54EFF1BE}.Release|Any CPU.Build.0 = Release|Any CPU
		{C685DAA3-6C44-4B7B-AD70-FA8B54EFF1BE}.Release|x64.ActiveCfg = Release|Any CPU
		{C685DAA3-6C44-4B7B-AD70-FA8B54EFF1BE}.Release|x64.Build.0 = Release|Any CPU
		{C685DAA3-6C44-4B7B-AD70-FA8B54EFF1BE}.Release|x86.ActiveCfg = Release|Any CPU
		{C685DAA3-6C44-4B7B-AD70-FA8B54EFF1BE}.Release|x86.Build.0 = Release|Any CPU
	EndGlobalSection
	GlobalSection(SolutionProperties) = preSolution
		HideSolutionNode = FALSE
	EndGlobalSection
	GlobalSection(ExtensibilityGlobals) = postSolution
		SolutionGuid = {2BE15895-2E97-4768-84EB-FD5E1B4AFE88}
	EndGlobalSection
EndGlobal
